
Microsoft Visual Studio Solution File, Format Version 12.00
# Visual Studio Version 17
VisualStudioVersion = 17.3.32929.385
MinimumVisualStudioVersion = 10.0.40219.1
Project("{FAE04EC0-301F-11D3-BF4B-00C04F79EFBC}") = "WebApplicationMVCEjemplo", "WebApplicationMVCEjemplo\WebApplicationMVCEjemplo.csproj", "{010C433E-7600-4852-8097-07B145238611}"
EndProject
Global
	GlobalSection(SolutionConfigurationPlatforms) = preSolution
		Debug|Any CPU = Debug|Any CPU
		Release|Any CPU = Release|Any CPU
	EndGlobalSection
	GlobalSection(ProjectConfigurationPlatforms) = postSolution
		{010C433E-7600-4852-8097-07B145238611}.Debug|Any CPU.ActiveCfg = Debug|Any CPU
		{010C433E-7600-4852-8097-07B145238611}.Debug|Any CPU.Build.0 = Debug|Any CPU
		{010C433E-7600-4852-8097-07B145238611}.Release|Any CPU.ActiveCfg = Release|Any CPU
		{010C433E-7600-4852-8097-07B145238611}.Release|Any CPU.Build.0 = Release|Any CPU
	EndGlobalSection
	GlobalSection(SolutionProperties) = preSolution
		HideSolutionNode = FALSE
	EndGlobalSection
	GlobalSection(ExtensibilityGlobals) = postSolution
		SolutionGuid = {1BD93875-5BE7-40E1-8351-D2F81187D522}
	EndGlobalSection
EndGlobal
